
Microsoft Visual Studio Solution File, Format Version 12.00
# Visual Studio 15
VisualStudioVersion = 15.0.27130.2036
MinimumVisualStudioVersion = 10.0.40219.1
Project("{FAE04EC0-301F-11D3-BF4B-00C04F79EFBC}") = "View", "View\View.csproj", "{BDD5B571-4B71-424B-A948-5EB78A9A45A3}"
EndProject
Project("{FAE04EC0-301F-11D3-BF4B-00C04F79EFBC}") = "UnitTest", "RabatmanTests\UnitTest.csproj", "{A49C6EB7-3158-4B49-8A79-08351C2622EE}"
EndProject
Project("{FAE04EC0-301F-11D3-BF4B-00C04F79EFBC}") = "ViewModel", "ViewModel\ViewModel.csproj", "{91527997-AA0C-4501-8581-EED5B7F9C6E1}"
EndProject
Project("{FAE04EC0-301F-11D3-BF4B-00C04F79EFBC}") = "Model", "Model\Model.csproj", "{878EE494-122A-4B33-ADCD-EB6FD3E42144}"
EndProject
Project("{FAE04EC0-301F-11D3-BF4B-00C04F79EFBC}") = "DataAccessLayer", "DataAccessLayer\DataAccessLayer.csproj", "{E82EF0D5-CE55-40BD-BD11-707F01513143}"
EndProject
Global
	GlobalSection(SolutionConfigurationPlatforms) = preSolution
		Debug|Any CPU = Debug|Any CPU
		Release|Any CPU = Release|Any CPU
	EndGlobalSection
	GlobalSection(ProjectConfigurationPlatforms) = postSolution
		{BDD5B571-4B71-424B-A948-5EB78A9A45A3}.Debug|Any CPU.ActiveCfg = Debug|Any CPU
		{BDD5B571-4B71-424B-A948-5EB78A9A45A3}.Debug|Any CPU.Build.0 = Debug|Any CPU
		{BDD5B571-4B71-424B-A948-5EB78A9A45A3}.Release|Any CPU.ActiveCfg = Release|Any CPU
		{BDD5B571-4B71-424B-A948-5EB78A9A45A3}.Release|Any CPU.Build.0 = Release|Any CPU
		{A49C6EB7-3158-4B49-8A79-08351C2622EE}.Debug|Any CPU.ActiveCfg = Debug|Any CPU
		{A49C6EB7-3158-4B49-8A79-08351C2622EE}.Debug|Any CPU.Build.0 = Debug|Any CPU
		{A49C6EB7-3158-4B49-8A79-08351C2622EE}.Release|Any CPU.ActiveCfg = Release|Any CPU
		{A49C6EB7-3158-4B49-8A79-08351C2622EE}.Release|Any CPU.Build.0 = Release|Any CPU
		{91527997-AA0C-4501-8581-EED5B7F9C6E1}.Debug|Any CPU.ActiveCfg = Debug|Any CPU
		{91527997-AA0C-4501-8581-EED5B7F9C6E1}.Debug|Any CPU.Build.0 = Debug|Any CPU
		{91527997-AA0C-4501-8581-EED5B7F9C6E1}.Release|Any CPU.ActiveCfg = Release|Any CPU
		{91527997-AA0C-4501-8581-EED5B7F9C6E1}.Release|Any CPU.Build.0 = Release|Any CPU
		{878EE494-122A-4B33-ADCD-EB6FD3E42144}.Debug|Any CPU.ActiveCfg = Debug|Any CPU
		{878EE494-122A-4B33-ADCD-EB6FD3E42144}.Debug|Any CPU.Build.0 = Debug|Any CPU
		{878EE494-122A-4B33-ADCD-EB6FD3E42144}.Release|Any CPU.ActiveCfg = Release|Any CPU
		{878EE494-122A-4B33-ADCD-EB6FD3E42144}.Release|Any CPU.Build.0 = Release|Any CPU
		{E82EF0D5-CE55-40BD-BD11-707F01513143}.Debug|Any CPU.ActiveCfg = Debug|Any CPU
		{E82EF0D5-CE55-40BD-BD11-707F01513143}.Debug|Any CPU.Build.0 = Debug|Any CPU
		{E82EF0D5-CE55-40BD-BD11-707F01513143}.Release|Any CPU.ActiveCfg = Release|Any CPU
		{E82EF0D5-CE55-40BD-BD11-707F01513143}.Release|Any CPU.Build.0 = Release|Any CPU
	EndGlobalSection
	GlobalSection(SolutionProperties) = preSolution
		HideSolutionNode = FALSE
	EndGlobalSection
	GlobalSection(ExtensibilityGlobals) = postSolution
		SolutionGuid = {2C0E3AC0-3194-4A6F-9D42-27C412E66216}
	EndGlobalSection
EndGlobal
